
Microsoft Visual Studio Solution File, Format Version 12.00
# Visual Studio Version 17
VisualStudioVersion = 17.2.32602.215
MinimumVisualStudioVersion = 10.0.40219.1
Project("{9A19103F-16F7-4668-BE54-9A1E7A4F7556}") = "InvoiceAPI", "InvoiceAPI\InvoiceAPI.csproj", "{DE2D667F-2702-40A1-A33D-B8FF8595C48B}"
EndProject
Project("{2150E333-8FDC-42A3-9474-1A3956D46DE8}") = "tests", "tests", "{AC3515B7-4244-4D81-8152-CF82C2334647}"
EndProject
Project("{9A19103F-16F7-4668-BE54-9A1E7A4F7556}") = "InvoiceAPI.Tests", "InvoiceAPI.Tests\InvoiceAPI.Tests.csproj", "{6CB203DB-C5D0-47B0-AE4A-100AD59C6D3D}"
EndProject
Project("{2150E333-8FDC-42A3-9474-1A3956D46DE8}") = "src", "src", "{F3F88CA2-AE3B-4A87-9000-F07B95CD01DD}"
EndProject
Project("{FAE04EC0-301F-11D3-BF4B-00C04F79EFBC}") = "Invoice.Domain", "Invoice.Domain\Invoice.Domain.csproj", "{1A52C112-79D7-4792-85F9-EA3CEC713437}"
EndProject
Project("{FAE04EC0-301F-11D3-BF4B-00C04F79EFBC}") = "Invoice.Services", "Invoice.Services\Invoice.Services.csproj", "{54732185-D171-4DD6-8C57-C855ABC5708C}"
EndProject
Project("{FAE04EC0-301F-11D3-BF4B-00C04F79EFBC}") = "Invoice.Infrastructure", "Invoice.Infrastructure\Invoice.Infrastructure.csproj", "{177021AE-99BF-4AC5-9EAB-90BBFCF04F59}"
EndProject
Project("{FAE04EC0-301F-11D3-BF4B-00C04F79EFBC}") = "Invoice.Core", "Invoice.Core\Invoice.Core.csproj", "{4F9F2FBD-6F68-49CE-822F-C1B45354573E}"
EndProject
Global
	GlobalSection(SolutionConfigurationPlatforms) = preSolution
		Debug|Any CPU = Debug|Any CPU
		Release|Any CPU = Release|Any CPU
	EndGlobalSection
	GlobalSection(ProjectConfigurationPlatforms) = postSolution
		{DE2D667F-2702-40A1-A33D-B8FF8595C48B}.Debug|Any CPU.ActiveCfg = Debug|Any CPU
		{DE2D667F-2702-40A1-A33D-B8FF8595C48B}.Debug|Any CPU.Build.0 = Debug|Any CPU
		{DE2D667F-2702-40A1-A33D-B8FF8595C48B}.Release|Any CPU.ActiveCfg = Release|Any CPU
		{DE2D667F-2702-40A1-A33D-B8FF8595C48B}.Release|Any CPU.Build.0 = Release|Any CPU
		{6CB203DB-C5D0-47B0-AE4A-100AD59C6D3D}.Debug|Any CPU.ActiveCfg = Debug|Any CPU
		{6CB203DB-C5D0-47B0-AE4A-100AD59C6D3D}.Debug|Any CPU.Build.0 = Debug|Any CPU
		{6CB203DB-C5D0-47B0-AE4A-100AD59C6D3D}.Release|Any CPU.ActiveCfg = Release|Any CPU
		{6CB203DB-C5D0-47B0-AE4A-100AD59C6D3D}.Release|Any CPU.Build.0 = Release|Any CPU
		{1A52C112-79D7-4792-85F9-EA3CEC713437}.Debug|Any CPU.ActiveCfg = Debug|Any CPU
		{1A52C112-79D7-4792-85F9-EA3CEC713437}.Debug|Any CPU.Build.0 = Debug|Any CPU
		{1A52C112-79D7-4792-85F9-EA3CEC713437}.Release|Any CPU.ActiveCfg = Release|Any CPU
		{1A52C112-79D7-4792-85F9-EA3CEC713437}.Release|Any CPU.Build.0 = Release|Any CPU
		{54732185-D171-4DD6-8C57-C855ABC5708C}.Debug|Any CPU.ActiveCfg = Debug|Any CPU
		{54732185-D171-4DD6-8C57-C855ABC5708C}.Debug|Any CPU.Build.0 = Debug|Any CPU
		{54732185-D171-4DD6-8C57-C855ABC5708C}.Release|Any CPU.ActiveCfg = Release|Any CPU
		{54732185-D171-4DD6-8C57-C855ABC5708C}.Release|Any CPU.Build.0 = Release|Any CPU
		{177021AE-99BF-4AC5-9EAB-90BBFCF04F59}.Debug|Any CPU.ActiveCfg = Debug|Any CPU
		{177021AE-99BF-4AC5-9EAB-90BBFCF04F59}.Debug|Any CPU.Build.0 = Debug|Any CPU
		{177021AE-99BF-4AC5-9EAB-90BBFCF04F59}.Release|Any CPU.ActiveCfg = Release|Any CPU
		{177021AE-99BF-4AC5-9EAB-90BBFCF04F59}.Release|Any CPU.Build.0 = Release|Any CPU
		{4F9F2FBD-6F68-49CE-822F-C1B45354573E}.Debug|Any CPU.ActiveCfg = Debug|Any CPU
		{4F9F2FBD-6F68-49CE-822F-C1B45354573E}.Debug|Any CPU.Build.0 = Debug|Any CPU
		{4F9F2FBD-6F68-49CE-822F-C1B45354573E}.Release|Any CPU.ActiveCfg = Release|Any CPU
		{4F9F2FBD-6F68-49CE-822F-C1B45354573E}.Release|Any CPU.Build.0 = Release|Any CPU
	EndGlobalSection
	GlobalSection(SolutionProperties) = preSolution
		HideSolutionNode = FALSE
	EndGlobalSection
	GlobalSection(NestedProjects) = preSolution
		{DE2D667F-2702-40A1-A33D-B8FF8595C48B} = {F3F88CA2-AE3B-4A87-9000-F07B95CD01DD}
		{6CB203DB-C5D0-47B0-AE4A-100AD59C6D3D} = {AC3515B7-4244-4D81-8152-CF82C2334647}
		{1A52C112-79D7-4792-85F9-EA3CEC713437} = {F3F88CA2-AE3B-4A87-9000-F07B95CD01DD}
		{54732185-D171-4DD6-8C57-C855ABC5708C} = {F3F88CA2-AE3B-4A87-9000-F07B95CD01DD}
		{177021AE-99BF-4AC5-9EAB-90BBFCF04F59} = {F3F88CA2-AE3B-4A87-9000-F07B95CD01DD}
		{4F9F2FBD-6F68-49CE-822F-C1B45354573E} = {F3F88CA2-AE3B-4A87-9000-F07B95CD01DD}
	EndGlobalSection
	GlobalSection(ExtensibilityGlobals) = postSolution
		SolutionGuid = {78643B16-85D4-426C-B3A8-D6D73F96A6D8}
	EndGlobalSection
EndGlobal
