
Microsoft Visual Studio Solution File, Format Version 12.00
# Visual Studio Version 17
VisualStudioVersion = 17.2.32602.215
MinimumVisualStudioVersion = 10.0.40219.1
Project("{FAE04EC0-301F-11D3-BF4B-00C04F79EFBC}") = "InvoiceAPI", "InvoiceAPI\InvoiceAPI.csproj", "{DE2D667F-2702-40A1-A33D-B8FF8595C48B}"
EndProject
Global
	GlobalSection(SolutionConfigurationPlatforms) = preSolution
		Debug|Any CPU = Debug|Any CPU
		Release|Any CPU = Release|Any CPU
	EndGlobalSection
	GlobalSection(ProjectConfigurationPlatforms) = postSolution
		{DE2D667F-2702-40A1-A33D-B8FF8595C48B}.Debug|Any CPU.ActiveCfg = Debug|Any CPU
		{DE2D667F-2702-40A1-A33D-B8FF8595C48B}.Debug|Any CPU.Build.0 = Debug|Any CPU
		{DE2D667F-2702-40A1-A33D-B8FF8595C48B}.Release|Any CPU.ActiveCfg = Release|Any CPU
		{DE2D667F-2702-40A1-A33D-B8FF8595C48B}.Release|Any CPU.Build.0 = Release|Any CPU
	EndGlobalSection
	GlobalSection(SolutionProperties) = preSolution
		HideSolutionNode = FALSE
	EndGlobalSection
	GlobalSection(ExtensibilityGlobals) = postSolution
		SolutionGuid = {78643B16-85D4-426C-B3A8-D6D73F96A6D8}
	EndGlobalSection
EndGlobal
